// !$*UTF8*$!
{
	archiveVersion = 1;
	classes = {
	};
	objectVersion = 48;
	objects = {

/* Begin PBXBuildFile section */
		3006DAF6202B7C2000B77AA3 /* AppDelegate.swift in Sources */ = {isa = PBXBuildFile; fileRef = 3006DAF5202B7C2000B77AA3 /* AppDelegate.swift */; };
		3006DAF8202B7C2000B77AA3 /* WeatherViewController.swift in Sources */ = {isa = PBXBuildFile; fileRef = 3006DAF7202B7C2000B77AA3 /* WeatherViewController.swift */; };
		3006DAFB202B7C2000B77AA3 /* Main.storyboard in Resources */ = {isa = PBXBuildFile; fileRef = 3006DAF9202B7C2000B77AA3 /* Main.storyboard */; };
		3006DAFD202B7C2000B77AA3 /* Assets.xcassets in Resources */ = {isa = PBXBuildFile; fileRef = 3006DAFC202B7C2000B77AA3 /* Assets.xcassets */; };
		3006DB00202B7C2000B77AA3 /* LaunchScreen.storyboard in Resources */ = {isa = PBXBuildFile; fileRef = 3006DAFE202B7C2000B77AA3 /* LaunchScreen.storyboard */; };
		3006DB08202B85D400B77AA3 /* WeatherViewModel.swift in Sources */ = {isa = PBXBuildFile; fileRef = 3006DB07202B85D400B77AA3 /* WeatherViewModel.swift */; };
		3006DB0C202B914800B77AA3 /* WeatherManager.swift in Sources */ = {isa = PBXBuildFile; fileRef = 3006DB0B202B914800B77AA3 /* WeatherManager.swift */; };
		3006DB1A202E184700B77AA3 /* Sys.swift in Sources */ = {isa = PBXBuildFile; fileRef = 3006DB13202E184600B77AA3 /* Sys.swift */; };
		3006DB1B202E184700B77AA3 /* Main.swift in Sources */ = {isa = PBXBuildFile; fileRef = 3006DB14202E184600B77AA3 /* Main.swift */; };
		3006DB1C202E184700B77AA3 /* WeatherDetails.swift in Sources */ = {isa = PBXBuildFile; fileRef = 3006DB15202E184600B77AA3 /* WeatherDetails.swift */; };
		3006DB1D202E184700B77AA3 /* Clouds.swift in Sources */ = {isa = PBXBuildFile; fileRef = 3006DB16202E184700B77AA3 /* Clouds.swift */; };
		3006DB1E202E184700B77AA3 /* Wind.swift in Sources */ = {isa = PBXBuildFile; fileRef = 3006DB17202E184700B77AA3 /* Wind.swift */; };
		3006DB1F202E184700B77AA3 /* Coord.swift in Sources */ = {isa = PBXBuildFile; fileRef = 3006DB18202E184700B77AA3 /* Coord.swift */; };
		3006DB20202E184700B77AA3 /* Weather.swift in Sources */ = {isa = PBXBuildFile; fileRef = 3006DB19202E184700B77AA3 /* Weather.swift */; };
		3006DB25202E2B3E00B77AA3 /* AppPresentationManager.swift in Sources */ = {isa = PBXBuildFile; fileRef = 3006DB24202E2B3E00B77AA3 /* AppPresentationManager.swift */; };
		302583FF203210AA005354ED /* WeatherDetailsList.swift in Sources */ = {isa = PBXBuildFile; fileRef = 302583FE203210AA005354ED /* WeatherDetailsList.swift */; };
		ACE76C5F20385F6100FF720E /* citylist.json in Resources */ = {isa = PBXBuildFile; fileRef = ACE76C5E20385F6100FF720E /* citylist.json */; };
		ACE76C61203861BA00FF720E /* City.swift in Sources */ = {isa = PBXBuildFile; fileRef = ACE76C60203861BA00FF720E /* City.swift */; };
/* End PBXBuildFile section */

/* Begin PBXFileReference section */
		3006DAF2202B7C2000B77AA3 /* TheWeatherTurtle.app */ = {isa = PBXFileReference; explicitFileType = wrapper.application; includeInIndex = 0; path = TheWeatherTurtle.app; sourceTree = BUILT_PRODUCTS_DIR; };
		3006DAF5202B7C2000B77AA3 /* AppDelegate.swift */ = {isa = PBXFileReference; lastKnownFileType = sourcecode.swift; path = AppDelegate.swift; sourceTree = "<group>"; };
		3006DAF7202B7C2000B77AA3 /* WeatherViewController.swift */ = {isa = PBXFileReference; lastKnownFileType = sourcecode.swift; path = WeatherViewController.swift; sourceTree = "<group>"; };
		3006DAFA202B7C2000B77AA3 /* Base */ = {isa = PBXFileReference; lastKnownFileType = file.storyboard; name = Base; path = Base.lproj/Main.storyboard; sourceTree = "<group>"; };
		3006DAFC202B7C2000B77AA3 /* Assets.xcassets */ = {isa = PBXFileReference; lastKnownFileType = folder.assetcatalog; path = Assets.xcassets; sourceTree = "<group>"; };
		3006DAFF202B7C2000B77AA3 /* Base */ = {isa = PBXFileReference; lastKnownFileType = file.storyboard; name = Base; path = Base.lproj/LaunchScreen.storyboard; sourceTree = "<group>"; };
		3006DB01202B7C2000B77AA3 /* Info.plist */ = {isa = PBXFileReference; lastKnownFileType = text.plist.xml; path = Info.plist; sourceTree = "<group>"; };
		3006DB07202B85D400B77AA3 /* WeatherViewModel.swift */ = {isa = PBXFileReference; lastKnownFileType = sourcecode.swift; path = WeatherViewModel.swift; sourceTree = "<group>"; };
		3006DB0B202B914800B77AA3 /* WeatherManager.swift */ = {isa = PBXFileReference; lastKnownFileType = sourcecode.swift; path = WeatherManager.swift; sourceTree = "<group>"; };
		3006DB13202E184600B77AA3 /* Sys.swift */ = {isa = PBXFileReference; fileEncoding = 4; lastKnownFileType = sourcecode.swift; path = Sys.swift; sourceTree = "<group>"; };
		3006DB14202E184600B77AA3 /* Main.swift */ = {isa = PBXFileReference; fileEncoding = 4; lastKnownFileType = sourcecode.swift; path = Main.swift; sourceTree = "<group>"; };
		3006DB15202E184600B77AA3 /* WeatherDetails.swift */ = {isa = PBXFileReference; fileEncoding = 4; lastKnownFileType = sourcecode.swift; path = WeatherDetails.swift; sourceTree = "<group>"; };
		3006DB16202E184700B77AA3 /* Clouds.swift */ = {isa = PBXFileReference; fileEncoding = 4; lastKnownFileType = sourcecode.swift; path = Clouds.swift; sourceTree = "<group>"; };
		3006DB17202E184700B77AA3 /* Wind.swift */ = {isa = PBXFileReference; fileEncoding = 4; lastKnownFileType = sourcecode.swift; path = Wind.swift; sourceTree = "<group>"; };
		3006DB18202E184700B77AA3 /* Coord.swift */ = {isa = PBXFileReference; fileEncoding = 4; lastKnownFileType = sourcecode.swift; path = Coord.swift; sourceTree = "<group>"; };
		3006DB19202E184700B77AA3 /* Weather.swift */ = {isa = PBXFileReference; fileEncoding = 4; lastKnownFileType = sourcecode.swift; path = Weather.swift; sourceTree = "<group>"; };
		3006DB24202E2B3E00B77AA3 /* AppPresentationManager.swift */ = {isa = PBXFileReference; lastKnownFileType = sourcecode.swift; path = AppPresentationManager.swift; sourceTree = "<group>"; };
		302583FE203210AA005354ED /* WeatherDetailsList.swift */ = {isa = PBXFileReference; lastKnownFileType = sourcecode.swift; path = WeatherDetailsList.swift; sourceTree = "<group>"; };
		ACE76C5E20385F6100FF720E /* citylist.json */ = {isa = PBXFileReference; fileEncoding = 4; lastKnownFileType = text.json; path = citylist.json; sourceTree = "<group>"; };
		ACE76C60203861BA00FF720E /* City.swift */ = {isa = PBXFileReference; lastKnownFileType = sourcecode.swift; path = City.swift; sourceTree = "<group>"; };
/* End PBXFileReference section */

/* Begin PBXFrameworksBuildPhase section */
		3006DAEF202B7C2000B77AA3 /* Frameworks */ = {
			isa = PBXFrameworksBuildPhase;
			buildActionMask = 2147483647;
			files = (
			);
			runOnlyForDeploymentPostprocessing = 0;
		};
/* End PBXFrameworksBuildPhase section */

/* Begin PBXGroup section */
		3006DAE9202B7C2000B77AA3 = {
			isa = PBXGroup;
			children = (
				3006DAF4202B7C2000B77AA3 /* TheWeatherTurtle */,
				3006DAF3202B7C2000B77AA3 /* Products */,
			);
			sourceTree = "<group>";
		};
		3006DAF3202B7C2000B77AA3 /* Products */ = {
			isa = PBXGroup;
			children = (
				3006DAF2202B7C2000B77AA3 /* TheWeatherTurtle.app */,
			);
			name = Products;
			sourceTree = "<group>";
		};
		3006DAF4202B7C2000B77AA3 /* TheWeatherTurtle */ = {
			isa = PBXGroup;
			children = (
				3006DAF5202B7C2000B77AA3 /* AppDelegate.swift */,
				3006DB24202E2B3E00B77AA3 /* AppPresentationManager.swift */,
				3006DB22202E2B1900B77AA3 /* Networking */,
				3006DB21202E2B0C00B77AA3 /* ViewControllers */,
				3006DAF9202B7C2000B77AA3 /* Main.storyboard */,
				3006DAFE202B7C2000B77AA3 /* LaunchScreen.storyboard */,
				3006DB01202B7C2000B77AA3 /* Info.plist */,
				3006DAFC202B7C2000B77AA3 /* Assets.xcassets */,
				307601E5204AF0E300260212 /* Resources */,
			);
			path = TheWeatherTurtle;
			sourceTree = "<group>";
		};
		3006DB09202B85F500B77AA3 /* WeatherDetail */ = {
			isa = PBXGroup;
			children = (
				3006DAF7202B7C2000B77AA3 /* WeatherViewController.swift */,
				3006DB07202B85D400B77AA3 /* WeatherViewModel.swift */,
			);
			path = WeatherDetail;
			sourceTree = "<group>";
		};
		3006DB12202E180A00B77AA3 /* JSON */ = {
			isa = PBXGroup;
			children = (
				302583FD20321095005354ED /* WeatherDetailsList */,
				302583FA202F1B49005354ED /* WeatherDetails */,
			);
			path = JSON;
			sourceTree = "<group>";
		};
		3006DB21202E2B0C00B77AA3 /* ViewControllers */ = {
			isa = PBXGroup;
			children = (
				3006DB0B202B914800B77AA3 /* WeatherManager.swift */,
				3006DB09202B85F500B77AA3 /* WeatherDetail */,
			);
			path = ViewControllers;
			sourceTree = "<group>";
		};
		3006DB22202E2B1900B77AA3 /* Networking */ = {
			isa = PBXGroup;
			children = (
				3006DB12202E180A00B77AA3 /* JSON */,
			);
			path = Networking;
			sourceTree = "<group>";
		};
		302583FA202F1B49005354ED /* WeatherDetails */ = {
			isa = PBXGroup;
			children = (
				3006DB15202E184600B77AA3 /* WeatherDetails.swift */,
				3006DB16202E184700B77AA3 /* Clouds.swift */,
				3006DB18202E184700B77AA3 /* Coord.swift */,
				3006DB14202E184600B77AA3 /* Main.swift */,
				3006DB13202E184600B77AA3 /* Sys.swift */,
				3006DB19202E184700B77AA3 /* Weather.swift */,
				3006DB17202E184700B77AA3 /* Wind.swift */,
				ACE76C60203861BA00FF720E /* City.swift */,
			);
			path = WeatherDetails;
			sourceTree = "<group>";
		};
		302583FD20321095005354ED /* WeatherDetailsList */ = {
			isa = PBXGroup;
			children = (
				302583FE203210AA005354ED /* WeatherDetailsList.swift */,
			);
			path = WeatherDetailsList;
			sourceTree = "<group>";
		};
		307601E5204AF0E300260212 /* Resources */ = {
			isa = PBXGroup;
			children = (
				ACE76C5E20385F6100FF720E /* citylist.json */,
			);
			path = Resources;
			sourceTree = "<group>";
		};
/* End PBXGroup section */

/* Begin PBXNativeTarget section */
		3006DAF1202B7C2000B77AA3 /* TheWeatherTurtle */ = {
			isa = PBXNativeTarget;
			buildConfigurationList = 3006DB04202B7C2000B77AA3 /* Build configuration list for PBXNativeTarget "TheWeatherTurtle" */;
			buildPhases = (
				3006DAEE202B7C2000B77AA3 /* Sources */,
				3006DAEF202B7C2000B77AA3 /* Frameworks */,
				3006DAF0202B7C2000B77AA3 /* Resources */,
			);
			buildRules = (
			);
			dependencies = (
			);
			name = TheWeatherTurtle;
			productName = TheWeatherTurtle;
			productReference = 3006DAF2202B7C2000B77AA3 /* TheWeatherTurtle.app */;
			productType = "com.apple.product-type.application";
		};
/* End PBXNativeTarget section */

/* Begin PBXProject section */
		3006DAEA202B7C2000B77AA3 /* Project object */ = {
			isa = PBXProject;
			attributes = {
				LastSwiftUpdateCheck = 0920;
				LastUpgradeCheck = 0920;
				ORGANIZATIONNAME = "Red Turtle Technologies";
				TargetAttributes = {
					3006DAF1202B7C2000B77AA3 = {
						CreatedOnToolsVersion = 9.2;
						ProvisioningStyle = Automatic;
					};
				};
			};
			buildConfigurationList = 3006DAED202B7C2000B77AA3 /* Build configuration list for PBXProject "TheWeatherTurtle" */;
			compatibilityVersion = "Xcode 8.0";
			developmentRegion = en;
			hasScannedForEncodings = 0;
			knownRegions = (
				en,
				Base,
			);
			mainGroup = 3006DAE9202B7C2000B77AA3;
			productRefGroup = 3006DAF3202B7C2000B77AA3 /* Products */;
			projectDirPath = "";
			projectRoot = "";
			targets = (
				3006DAF1202B7C2000B77AA3 /* TheWeatherTurtle */,
			);
		};
/* End PBXProject section */

/* Begin PBXResourcesBuildPhase section */
		3006DAF0202B7C2000B77AA3 /* Resources */ = {
			isa = PBXResourcesBuildPhase;
			buildActionMask = 2147483647;
			files = (
				3006DB00202B7C2000B77AA3 /* LaunchScreen.storyboard in Resources */,
				ACE76C5F20385F6100FF720E /* citylist.json in Resources */,
				3006DAFD202B7C2000B77AA3 /* Assets.xcassets in Resources */,
				3006DAFB202B7C2000B77AA3 /* Main.storyboard in Resources */,
			);
			runOnlyForDeploymentPostprocessing = 0;
		};
/* End PBXResourcesBuildPhase section */

/* Begin PBXSourcesBuildPhase section */
		3006DAEE202B7C2000B77AA3 /* Sources */ = {
			isa = PBXSourcesBuildPhase;
			buildActionMask = 2147483647;
			files = (
				3006DB1A202E184700B77AA3 /* Sys.swift in Sources */,
				3006DB25202E2B3E00B77AA3 /* AppPresentationManager.swift in Sources */,
				3006DB1C202E184700B77AA3 /* WeatherDetails.swift in Sources */,
				3006DB1B202E184700B77AA3 /* Main.swift in Sources */,
				3006DB1E202E184700B77AA3 /* Wind.swift in Sources */,
				302583FF203210AA005354ED /* WeatherDetailsList.swift in Sources */,
				3006DB0C202B914800B77AA3 /* WeatherManager.swift in Sources */,
				3006DAF8202B7C2000B77AA3 /* WeatherViewController.swift in Sources */,
				3006DB20202E184700B77AA3 /* Weather.swift in Sources */,
				ACE76C61203861BA00FF720E /* City.swift in Sources */,
				3006DB08202B85D400B77AA3 /* WeatherViewModel.swift in Sources */,
				3006DB1F202E184700B77AA3 /* Coord.swift in Sources */,
				3006DAF6202B7C2000B77AA3 /* AppDelegate.swift in Sources */,
				3006DB1D202E184700B77AA3 /* Clouds.swift in Sources */,
			);
			runOnlyForDeploymentPostprocessing = 0;
		};
/* End PBXSourcesBuildPhase section */

/* Begin PBXVariantGroup section */
		3006DAF9202B7C2000B77AA3 /* Main.storyboard */ = {
			isa = PBXVariantGroup;
			children = (
				3006DAFA202B7C2000B77AA3 /* Base */,
			);
			name = Main.storyboard;
			sourceTree = "<group>";
		};
		3006DAFE202B7C2000B77AA3 /* LaunchScreen.storyboard */ = {
			isa = PBXVariantGroup;
			children = (
				3006DAFF202B7C2000B77AA3 /* Base */,
			);
			name = LaunchScreen.storyboard;
			sourceTree = "<group>";
		};
/* End PBXVariantGroup section */

/* Begin XCBuildConfiguration section */
		3006DB02202B7C2000B77AA3 /* Debug */ = {
			isa = XCBuildConfiguration;
			buildSettings = {
				ALWAYS_SEARCH_USER_PATHS = NO;
				CLANG_ANALYZER_NONNULL = YES;
				CLANG_ANALYZER_NUMBER_OBJECT_CONVERSION = YES_AGGRESSIVE;
				CLANG_CXX_LANGUAGE_STANDARD = "gnu++14";
				CLANG_CXX_LIBRARY = "libc++";
				CLANG_ENABLE_MODULES = YES;
				CLANG_ENABLE_OBJC_ARC = YES;
				CLANG_WARN_BLOCK_CAPTURE_AUTORELEASING = YES;
				CLANG_WARN_BOOL_CONVERSION = YES;
				CLANG_WARN_COMMA = YES;
				CLANG_WARN_CONSTANT_CONVERSION = YES;
				CLANG_WARN_DIRECT_OBJC_ISA_USAGE = YES_ERROR;
				CLANG_WARN_DOCUMENTATION_COMMENTS = YES;
				CLANG_WARN_EMPTY_BODY = YES;
				CLANG_WARN_ENUM_CONVERSION = YES;
				CLANG_WARN_INFINITE_RECURSION = YES;
				CLANG_WARN_INT_CONVERSION = YES;
				CLANG_WARN_NON_LITERAL_NULL_CONVERSION = YES;
				CLANG_WARN_OBJC_LITERAL_CONVERSION = YES;
				CLANG_WARN_OBJC_ROOT_CLASS = YES_ERROR;
				CLANG_WARN_RANGE_LOOP_ANALYSIS = YES;
				CLANG_WARN_STRICT_PROTOTYPES = YES;
				CLANG_WARN_SUSPICIOUS_MOVE = YES;
				CLANG_WARN_UNGUARDED_AVAILABILITY = YES_AGGRESSIVE;
				CLANG_WARN_UNREACHABLE_CODE = YES;
				CLANG_WARN__DUPLICATE_METHOD_MATCH = YES;
				CODE_SIGN_IDENTITY = "iPhone Developer";
				COPY_PHASE_STRIP = NO;
				DEBUG_INFORMATION_FORMAT = dwarf;
				ENABLE_STRICT_OBJC_MSGSEND = YES;
				ENABLE_TESTABILITY = YES;
				GCC_C_LANGUAGE_STANDARD = gnu11;
				GCC_DYNAMIC_NO_PIC = NO;
				GCC_NO_COMMON_BLOCKS = YES;
				GCC_OPTIMIZATION_LEVEL = 0;
				GCC_PREPROCESSOR_DEFINITIONS = (
					"DEBUG=1",
					"$(inherited)",
				);
				GCC_WARN_64_TO_32_BIT_CONVERSION = YES;
				GCC_WARN_ABOUT_RETURN_TYPE = YES_ERROR;
				GCC_WARN_UNDECLARED_SELECTOR = YES;
				GCC_WARN_UNINITIALIZED_AUTOS = YES_AGGRESSIVE;
				GCC_WARN_UNUSED_FUNCTION = YES;
				GCC_WARN_UNUSED_VARIABLE = YES;
				IPHONEOS_DEPLOYMENT_TARGET = 11.2;
				MTL_ENABLE_DEBUG_INFO = YES;
				ONLY_ACTIVE_ARCH = YES;
				SDKROOT = iphoneos;
				SWIFT_ACTIVE_COMPILATION_CONDITIONS = DEBUG;
				SWIFT_OPTIMIZATION_LEVEL = "-Onone";
			};
			name = Debug;
		};
		3006DB03202B7C2000B77AA3 /* Release */ = {
			isa = XCBuildConfiguration;
			buildSettings = {
				ALWAYS_SEARCH_USER_PATHS = NO;
				CLANG_ANALYZER_NONNULL = YES;
				CLANG_ANALYZER_NUMBER_OBJECT_CONVERSION = YES_AGGRESSIVE;
				CLANG_CXX_LANGUAGE_STANDARD = "gnu++14";
				CLANG_CXX_LIBRARY = "libc++";
				CLANG_ENABLE_MODULES = YES;
				CLANG_ENABLE_OBJC_ARC = YES;
				CLANG_WARN_BLOCK_CAPTURE_AUTORELEASING = YES;
				CLANG_WARN_BOOL_CONVERSION = YES;
				CLANG_WARN_COMMA = YES;
				CLANG_WARN_CONSTANT_CONVERSION = YES;
				CLANG_WARN_DIRECT_OBJC_ISA_USAGE = YES_ERROR;
				CLANG_WARN_DOCUMENTATION_COMMENTS = YES;
				CLANG_WARN_EMPTY_BODY = YES;
				CLANG_WARN_ENUM_CONVERSION = YES;
				CLANG_WARN_INFINITE_RECURSION = YES;
				CLANG_WARN_INT_CONVERSION = YES;
				CLANG_WARN_NON_LITERAL_NULL_CONVERSION = YES;
				CLANG_WARN_OBJC_LITERAL_CONVERSION = YES;
				CLANG_WARN_OBJC_ROOT_CLASS = YES_ERROR;
				CLANG_WARN_RANGE_LOOP_ANALYSIS = YES;
				CLANG_WARN_STRICT_PROTOTYPES = YES;
				CLANG_WARN_SUSPICIOUS_MOVE = YES;
				CLANG_WARN_UNGUARDED_AVAILABILITY = YES_AGGRESSIVE;
				CLANG_WARN_UNREACHABLE_CODE = YES;
				CLANG_WARN__DUPLICATE_METHOD_MATCH = YES;
				CODE_SIGN_IDENTITY = "iPhone Developer";
				COPY_PHASE_STRIP = NO;
				DEBUG_INFORMATION_FORMAT = "dwarf-with-dsym";
				ENABLE_NS_ASSERTIONS = NO;
				ENABLE_STRICT_OBJC_MSGSEND = YES;
				GCC_C_LANGUAGE_STANDARD = gnu11;
				GCC_NO_COMMON_BLOCKS = YES;
				GCC_WARN_64_TO_32_BIT_CONVERSION = YES;
				GCC_WARN_ABOUT_RETURN_TYPE = YES_ERROR;
				GCC_WARN_UNDECLARED_SELECTOR = YES;
				GCC_WARN_UNINITIALIZED_AUTOS = YES_AGGRESSIVE;
				GCC_WARN_UNUSED_FUNCTION = YES;
				GCC_WARN_UNUSED_VARIABLE = YES;
				IPHONEOS_DEPLOYMENT_TARGET = 11.2;
				MTL_ENABLE_DEBUG_INFO = NO;
				SDKROOT = iphoneos;
				SWIFT_OPTIMIZATION_LEVEL = "-Owholemodule";
				VALIDATE_PRODUCT = YES;
			};
			name = Release;
		};
		3006DB05202B7C2000B77AA3 /* Debug */ = {
			isa = XCBuildConfiguration;
			buildSettings = {
				ASSETCATALOG_COMPILER_APPICON_NAME = AppIcon;
				CODE_SIGN_STYLE = Automatic;
				DEVELOPMENT_TEAM = 4WZFDA97N8;
				INFOPLIST_FILE = TheWeatherTurtle/Info.plist;
				LD_RUNPATH_SEARCH_PATHS = "$(inherited) @executable_path/Frameworks";
				PRODUCT_BUNDLE_IDENTIFIER = rtt.TheWeatherTurtle;
				PRODUCT_NAME = "$(TARGET_NAME)";
				SWIFT_VERSION = 4.0;
				TARGETED_DEVICE_FAMILY = "1,2";
			};
			name = Debug;
		};
		3006DB06202B7C2000B77AA3 /* Release */ = {
			isa = XCBuildConfiguration;
			buildSettings = {
				ASSETCATALOG_COMPILER_APPICON_NAME = AppIcon;
				CODE_SIGN_STYLE = Automatic;
				DEVELOPMENT_TEAM = 4WZFDA97N8;
				INFOPLIST_FILE = TheWeatherTurtle/Info.plist;
				LD_RUNPATH_SEARCH_PATHS = "$(inherited) @executable_path/Frameworks";
				PRODUCT_BUNDLE_IDENTIFIER = rtt.TheWeatherTurtle;
				PRODUCT_NAME = "$(TARGET_NAME)";
				SWIFT_VERSION = 4.0;
				TARGETED_DEVICE_FAMILY = "1,2";
			};
			name = Release;
		};
/* End XCBuildConfiguration section */

/* Begin XCConfigurationList section */
		3006DAED202B7C2000B77AA3 /* Build configuration list for PBXProject "TheWeatherTurtle" */ = {
			isa = XCConfigurationList;
			buildConfigurations = (
				3006DB02202B7C2000B77AA3 /* Debug */,
				3006DB03202B7C2000B77AA3 /* Release */,
			);
			defaultConfigurationIsVisible = 0;
			defaultConfigurationName = Release;
		};
		3006DB04202B7C2000B77AA3 /* Build configuration list for PBXNativeTarget "TheWeatherTurtle" */ = {
			isa = XCConfigurationList;
			buildConfigurations = (
				3006DB05202B7C2000B77AA3 /* Debug */,
				3006DB06202B7C2000B77AA3 /* Release */,
			);
			defaultConfigurationIsVisible = 0;
			defaultConfigurationName = Release;
		};
/* End XCConfigurationList section */
	};
	rootObject = 3006DAEA202B7C2000B77AA3 /* Project object */;
}
